// !$*UTF8*$!
{
	archiveVersion = 1;
	classes = {
	};
	objectVersion = 56;
	objects = {

/* Begin PBXBuildFile section */
		1493B1502B498B6C00D219C7 /* LandmarksApp.swift in Sources */ = {isa = PBXBuildFile; fileRef = 1493B14F2B498B6C00D219C7 /* LandmarksApp.swift */; };
		1493B1522B498B6C00D219C7 /* ContentView.swift in Sources */ = {isa = PBXBuildFile; fileRef = 1493B1512B498B6C00D219C7 /* ContentView.swift */; };
		1493B1542B498B6D00D219C7 /* Assets.xcassets in Resources */ = {isa = PBXBuildFile; fileRef = 1493B1532B498B6D00D219C7 /* Assets.xcassets */; };
		1493B1572B498B6D00D219C7 /* Preview Assets.xcassets in Resources */ = {isa = PBXBuildFile; fileRef = 1493B1562B498B6D00D219C7 /* Preview Assets.xcassets */; };
		1493B1612B498B6D00D219C7 /* LandmarksTests.swift in Sources */ = {isa = PBXBuildFile; fileRef = 1493B1602B498B6D00D219C7 /* LandmarksTests.swift */; };
		1493B16B2B498B6D00D219C7 /* LandmarksUITests.swift in Sources */ = {isa = PBXBuildFile; fileRef = 1493B16A2B498B6D00D219C7 /* LandmarksUITests.swift */; };
		1493B16D2B498B6D00D219C7 /* LandmarksUITestsLaunchTests.swift in Sources */ = {isa = PBXBuildFile; fileRef = 1493B16C2B498B6D00D219C7 /* LandmarksUITestsLaunchTests.swift */; };
		1493B17A2B498F2200D219C7 /* CircleImage.swift in Sources */ = {isa = PBXBuildFile; fileRef = 1493B1792B498F2200D219C7 /* CircleImage.swift */; };
		1493B17C2B4990A400D219C7 /* MapView.swift in Sources */ = {isa = PBXBuildFile; fileRef = 1493B17B2B4990A400D219C7 /* MapView.swift */; };
		1493B17E2B4AD1A200D219C7 /* landmarkData.json in Resources */ = {isa = PBXBuildFile; fileRef = 1493B17D2B4AD1A200D219C7 /* landmarkData.json */; };
		1493B1802B4AD1D800D219C7 /* Landmark.swift in Sources */ = {isa = PBXBuildFile; fileRef = 1493B17F2B4AD1D800D219C7 /* Landmark.swift */; };
		1493B1822B4AD38700D219C7 /* ModelData.swift in Sources */ = {isa = PBXBuildFile; fileRef = 1493B1812B4AD38700D219C7 /* ModelData.swift */; };
		1493B18A2B4AD6A200D219C7 /* LandmarkRow.swift in Sources */ = {isa = PBXBuildFile; fileRef = 1493B1892B4AD6A200D219C7 /* LandmarkRow.swift */; };
		1493B18C2B4AD8EA00D219C7 /* LandmarkList.swift in Sources */ = {isa = PBXBuildFile; fileRef = 1493B18B2B4AD8EA00D219C7 /* LandmarkList.swift */; };
		1493B18E2B4ADA1D00D219C7 /* LandmarkDetial.swift in Sources */ = {isa = PBXBuildFile; fileRef = 1493B18D2B4ADA1D00D219C7 /* LandmarkDetial.swift */; };
/* End PBXBuildFile section */

/* Begin PBXContainerItemProxy section */
		1493B15D2B498B6D00D219C7 /* PBXContainerItemProxy */ = {
			isa = PBXContainerItemProxy;
			containerPortal = 1493B1442B498B6C00D219C7 /* Project object */;
			proxyType = 1;
			remoteGlobalIDString = 1493B14B2B498B6C00D219C7;
			remoteInfo = Landmarks;
		};
		1493B1672B498B6D00D219C7 /* PBXContainerItemProxy */ = {
			isa = PBXContainerItemProxy;
			containerPortal = 1493B1442B498B6C00D219C7 /* Project object */;
			proxyType = 1;
			remoteGlobalIDString = 1493B14B2B498B6C00D219C7;
			remoteInfo = Landmarks;
		};
/* End PBXContainerItemProxy section */

/* Begin PBXFileReference section */
		1493B14C2B498B6C00D219C7 /* Landmarks.app */ = {isa = PBXFileReference; explicitFileType = wrapper.application; includeInIndex = 0; path = Landmarks.app; sourceTree = BUILT_PRODUCTS_DIR; };
		1493B14F2B498B6C00D219C7 /* LandmarksApp.swift */ = {isa = PBXFileReference; lastKnownFileType = sourcecode.swift; path = LandmarksApp.swift; sourceTree = "<group>"; };
		1493B1512B498B6C00D219C7 /* ContentView.swift */ = {isa = PBXFileReference; lastKnownFileType = sourcecode.swift; path = ContentView.swift; sourceTree = "<group>"; };
		1493B1532B498B6D00D219C7 /* Assets.xcassets */ = {isa = PBXFileReference; lastKnownFileType = folder.assetcatalog; path = Assets.xcassets; sourceTree = "<group>"; };
		1493B1562B498B6D00D219C7 /* Preview Assets.xcassets */ = {isa = PBXFileReference; lastKnownFileType = folder.assetcatalog; path = "Preview Assets.xcassets"; sourceTree = "<group>"; };
		1493B15C2B498B6D00D219C7 /* LandmarksTests.xctest */ = {isa = PBXFileReference; explicitFileType = wrapper.cfbundle; includeInIndex = 0; path = LandmarksTests.xctest; sourceTree = BUILT_PRODUCTS_DIR; };
		1493B1602B498B6D00D219C7 /* LandmarksTests.swift */ = {isa = PBXFileReference; lastKnownFileType = sourcecode.swift; path = LandmarksTests.swift; sourceTree = "<group>"; };
		1493B1662B498B6D00D219C7 /* LandmarksUITests.xctest */ = {isa = PBXFileReference; explicitFileType = wrapper.cfbundle; includeInIndex = 0; path = LandmarksUITests.xctest; sourceTree = BUILT_PRODUCTS_DIR; };
		1493B16A2B498B6D00D219C7 /* LandmarksUITests.swift */ = {isa = PBXFileReference; lastKnownFileType = sourcecode.swift; path = LandmarksUITests.swift; sourceTree = "<group>"; };
		1493B16C2B498B6D00D219C7 /* LandmarksUITestsLaunchTests.swift */ = {isa = PBXFileReference; lastKnownFileType = sourcecode.swift; path = LandmarksUITestsLaunchTests.swift; sourceTree = "<group>"; };
		1493B1792B498F2200D219C7 /* CircleImage.swift */ = {isa = PBXFileReference; lastKnownFileType = sourcecode.swift; path = CircleImage.swift; sourceTree = "<group>"; };
		1493B17B2B4990A400D219C7 /* MapView.swift */ = {isa = PBXFileReference; lastKnownFileType = sourcecode.swift; path = MapView.swift; sourceTree = "<group>"; };
		1493B17D2B4AD1A200D219C7 /* landmarkData.json */ = {isa = PBXFileReference; fileEncoding = 4; lastKnownFileType = text.json; path = landmarkData.json; sourceTree = "<group>"; };
		1493B17F2B4AD1D800D219C7 /* Landmark.swift */ = {isa = PBXFileReference; lastKnownFileType = sourcecode.swift; path = Landmark.swift; sourceTree = "<group>"; };
		1493B1812B4AD38700D219C7 /* ModelData.swift */ = {isa = PBXFileReference; lastKnownFileType = sourcecode.swift; path = ModelData.swift; sourceTree = "<group>"; };
		1493B1892B4AD6A200D219C7 /* LandmarkRow.swift */ = {isa = PBXFileReference; lastKnownFileType = sourcecode.swift; path = LandmarkRow.swift; sourceTree = "<group>"; };
		1493B18B2B4AD8EA00D219C7 /* LandmarkList.swift */ = {isa = PBXFileReference; lastKnownFileType = sourcecode.swift; path = LandmarkList.swift; sourceTree = "<group>"; };
		1493B18D2B4ADA1D00D219C7 /* LandmarkDetial.swift */ = {isa = PBXFileReference; lastKnownFileType = sourcecode.swift; path = LandmarkDetial.swift; sourceTree = "<group>"; };
/* End PBXFileReference section */

/* Begin PBXFrameworksBuildPhase section */
		1493B1492B498B6C00D219C7 /* Frameworks */ = {
			isa = PBXFrameworksBuildPhase;
			buildActionMask = 2147483647;
			files = (
			);
			runOnlyForDeploymentPostprocessing = 0;
		};
		1493B1592B498B6D00D219C7 /* Frameworks */ = {
			isa = PBXFrameworksBuildPhase;
			buildActionMask = 2147483647;
			files = (
			);
			runOnlyForDeploymentPostprocessing = 0;
		};
		1493B1632B498B6D00D219C7 /* Frameworks */ = {
			isa = PBXFrameworksBuildPhase;
			buildActionMask = 2147483647;
			files = (
			);
			runOnlyForDeploymentPostprocessing = 0;
		};
/* End PBXFrameworksBuildPhase section */

/* Begin PBXGroup section */
		1493B1432B498B6C00D219C7 = {
			isa = PBXGroup;
			children = (
				1493B14E2B498B6C00D219C7 /* Landmarks */,
				1493B15F2B498B6D00D219C7 /* LandmarksTests */,
				1493B1692B498B6D00D219C7 /* LandmarksUITests */,
				1493B14D2B498B6C00D219C7 /* Products */,
			);
			sourceTree = "<group>";
		};
		1493B14D2B498B6C00D219C7 /* Products */ = {
			isa = PBXGroup;
			children = (
				1493B14C2B498B6C00D219C7 /* Landmarks.app */,
				1493B15C2B498B6D00D219C7 /* LandmarksTests.xctest */,
				1493B1662B498B6D00D219C7 /* LandmarksUITests.xctest */,
			);
			name = Products;
			sourceTree = "<group>";
		};
		1493B14E2B498B6C00D219C7 /* Landmarks */ = {
			isa = PBXGroup;
			children = (
				1493B1882B4AD65100D219C7 /* Resources */,
				1493B1842B4AD4EE00D219C7 /* Model */,
				1493B1832B4AD4D300D219C7 /* Views */,
				1493B14F2B498B6C00D219C7 /* LandmarksApp.swift */,
				1493B17F2B4AD1D800D219C7 /* Landmark.swift */,
				1493B1812B4AD38700D219C7 /* ModelData.swift */,
				1493B1532B498B6D00D219C7 /* Assets.xcassets */,
				1493B1552B498B6D00D219C7 /* Preview Content */,
			);
			path = Landmarks;
			sourceTree = "<group>";
		};
		1493B1552B498B6D00D219C7 /* Preview Content */ = {
			isa = PBXGroup;
			children = (
				1493B1562B498B6D00D219C7 /* Preview Assets.xcassets */,
			);
			path = "Preview Content";
			sourceTree = "<group>";
		};
		1493B15F2B498B6D00D219C7 /* LandmarksTests */ = {
			isa = PBXGroup;
			children = (
				1493B1602B498B6D00D219C7 /* LandmarksTests.swift */,
			);
			path = LandmarksTests;
			sourceTree = "<group>";
		};
		1493B1692B498B6D00D219C7 /* LandmarksUITests */ = {
			isa = PBXGroup;
			children = (
				1493B16A2B498B6D00D219C7 /* LandmarksUITests.swift */,
				1493B16C2B498B6D00D219C7 /* LandmarksUITestsLaunchTests.swift */,
			);
			path = LandmarksUITests;
			sourceTree = "<group>";
		};
		1493B1832B4AD4D300D219C7 /* Views */ = {
			isa = PBXGroup;
			children = (
				1493B17B2B4990A400D219C7 /* MapView.swift */,
				1493B1792B498F2200D219C7 /* CircleImage.swift */,
				1493B1512B498B6C00D219C7 /* ContentView.swift */,
				1493B1892B4AD6A200D219C7 /* LandmarkRow.swift */,
				1493B18B2B4AD8EA00D219C7 /* LandmarkList.swift */,
				1493B18D2B4ADA1D00D219C7 /* LandmarkDetial.swift */,
			);
			path = Views;
			sourceTree = "<group>";
		};
		1493B1842B4AD4EE00D219C7 /* Model */ = {
			isa = PBXGroup;
			children = (
			);
			path = Model;
			sourceTree = "<group>";
		};
		1493B1882B4AD65100D219C7 /* Resources */ = {
			isa = PBXGroup;
			children = (
				1493B17D2B4AD1A200D219C7 /* landmarkData.json */,
			);
			path = Resources;
			sourceTree = "<group>";
		};
/* End PBXGroup section */

/* Begin PBXNativeTarget section */
		1493B14B2B498B6C00D219C7 /* Landmarks */ = {
			isa = PBXNativeTarget;
			buildConfigurationList = 1493B1702B498B6D00D219C7 /* Build configuration list for PBXNativeTarget "Landmarks" */;
			buildPhases = (
				1493B1482B498B6C00D219C7 /* Sources */,
				1493B1492B498B6C00D219C7 /* Frameworks */,
				1493B14A2B498B6C00D219C7 /* Resources */,
			);
			buildRules = (
			);
			dependencies = (
			);
			name = Landmarks;
			productName = Landmarks;
			productReference = 1493B14C2B498B6C00D219C7 /* Landmarks.app */;
			productType = "com.apple.product-type.application";
		};
		1493B15B2B498B6D00D219C7 /* LandmarksTests */ = {
			isa = PBXNativeTarget;
			buildConfigurationList = 1493B1732B498B6D00D219C7 /* Build configuration list for PBXNativeTarget "LandmarksTests" */;
			buildPhases = (
				1493B1582B498B6D00D219C7 /* Sources */,
				1493B1592B498B6D00D219C7 /* Frameworks */,
				1493B15A2B498B6D00D219C7 /* Resources */,
			);
			buildRules = (
			);
			dependencies = (
				1493B15E2B498B6D00D219C7 /* PBXTargetDependency */,
			);
			name = LandmarksTests;
			productName = LandmarksTests;
			productReference = 1493B15C2B498B6D00D219C7 /* LandmarksTests.xctest */;
			productType = "com.apple.product-type.bundle.unit-test";
		};
		1493B1652B498B6D00D219C7 /* LandmarksUITests */ = {
			isa = PBXNativeTarget;
			buildConfigurationList = 1493B1762B498B6D00D219C7 /* Build configuration list for PBXNativeTarget "LandmarksUITests" */;
			buildPhases = (
				1493B1622B498B6D00D219C7 /* Sources */,
				1493B1632B498B6D00D219C7 /* Frameworks */,
				1493B1642B498B6D00D219C7 /* Resources */,
			);
			buildRules = (
			);
			dependencies = (
				1493B1682B498B6D00D219C7 /* PBXTargetDependency */,
			);
			name = LandmarksUITests;
			productName = LandmarksUITests;
			productReference = 1493B1662B498B6D00D219C7 /* LandmarksUITests.xctest */;
			productType = "com.apple.product-type.bundle.ui-testing";
		};
/* End PBXNativeTarget section */

/* Begin PBXProject section */
		1493B1442B498B6C00D219C7 /* Project object */ = {
			isa = PBXProject;
			attributes = {
				BuildIndependentTargetsInParallel = 1;
				LastSwiftUpdateCheck = 1510;
				LastUpgradeCheck = 1510;
				TargetAttributes = {
					1493B14B2B498B6C00D219C7 = {
						CreatedOnToolsVersion = 15.1;
					};
					1493B15B2B498B6D00D219C7 = {
						CreatedOnToolsVersion = 15.1;
						TestTargetID = 1493B14B2B498B6C00D219C7;
					};
					1493B1652B498B6D00D219C7 = {
						CreatedOnToolsVersion = 15.1;
						TestTargetID = 1493B14B2B498B6C00D219C7;
					};
				};
			};
			buildConfigurationList = 1493B1472B498B6C00D219C7 /* Build configuration list for PBXProject "Landmarks" */;
			compatibilityVersion = "Xcode 14.0";
			developmentRegion = en;
			hasScannedForEncodings = 0;
			knownRegions = (
				en,
				Base,
			);
			mainGroup = 1493B1432B498B6C00D219C7;
			productRefGroup = 1493B14D2B498B6C00D219C7 /* Products */;
			projectDirPath = "";
			projectRoot = "";
			targets = (
				1493B14B2B498B6C00D219C7 /* Landmarks */,
				1493B15B2B498B6D00D219C7 /* LandmarksTests */,
				1493B1652B498B6D00D219C7 /* LandmarksUITests */,
			);
		};
/* End PBXProject section */

/* Begin PBXResourcesBuildPhase section */
		1493B14A2B498B6C00D219C7 /* Resources */ = {
			isa = PBXResourcesBuildPhase;
			buildActionMask = 2147483647;
			files = (
				1493B1572B498B6D00D219C7 /* Preview Assets.xcassets in Resources */,
				1493B1542B498B6D00D219C7 /* Assets.xcassets in Resources */,
				1493B17E2B4AD1A200D219C7 /* landmarkData.json in Resources */,
			);
			runOnlyForDeploymentPostprocessing = 0;
		};
		1493B15A2B498B6D00D219C7 /* Resources */ = {
			isa = PBXResourcesBuildPhase;
			buildActionMask = 2147483647;
			files = (
			);
			runOnlyForDeploymentPostprocessing = 0;
		};
		1493B1642B498B6D00D219C7 /* Resources */ = {
			isa = PBXResourcesBuildPhase;
			buildActionMask = 2147483647;
			files = (
			);
			runOnlyForDeploymentPostprocessing = 0;
		};
/* End PBXResourcesBuildPhase section */

/* Begin PBXSourcesBuildPhase section */
		1493B1482B498B6C00D219C7 /* Sources */ = {
			isa = PBXSourcesBuildPhase;
			buildActionMask = 2147483647;
			files = (
				1493B1522B498B6C00D219C7 /* ContentView.swift in Sources */,
				1493B18E2B4ADA1D00D219C7 /* LandmarkDetial.swift in Sources */,
				1493B17C2B4990A400D219C7 /* MapView.swift in Sources */,
				1493B1502B498B6C00D219C7 /* LandmarksApp.swift in Sources */,
				1493B18C2B4AD8EA00D219C7 /* LandmarkList.swift in Sources */,
				1493B17A2B498F2200D219C7 /* CircleImage.swift in Sources */,
				1493B1802B4AD1D800D219C7 /* Landmark.swift in Sources */,
				1493B18A2B4AD6A200D219C7 /* LandmarkRow.swift in Sources */,
				1493B1822B4AD38700D219C7 /* ModelData.swift in Sources */,
			);
			runOnlyForDeploymentPostprocessing = 0;
		};
		1493B1582B498B6D00D219C7 /* Sources */ = {
			isa = PBXSourcesBuildPhase;
			buildActionMask = 2147483647;
			files = (
				1493B1612B498B6D00D219C7 /* LandmarksTests.swift in Sources */,
			);
			runOnlyForDeploymentPostprocessing = 0;
		};
		1493B1622B498B6D00D219C7 /* Sources */ = {
			isa = PBXSourcesBuildPhase;
			buildActionMask = 2147483647;
			files = (
				1493B16D2B498B6D00D219C7 /* LandmarksUITestsLaunchTests.swift in Sources */,
				1493B16B2B498B6D00D219C7 /* LandmarksUITests.swift in Sources */,
			);
			runOnlyForDeploymentPostprocessing = 0;
		};
/* End PBXSourcesBuildPhase section */

/* Begin PBXTargetDependency section */
		1493B15E2B498B6D00D219C7 /* PBXTargetDependency */ = {
			isa = PBXTargetDependency;
			target = 1493B14B2B498B6C00D219C7 /* Landmarks */;
			targetProxy = 1493B15D2B498B6D00D219C7 /* PBXContainerItemProxy */;
		};
		1493B1682B498B6D00D219C7 /* PBXTargetDependency */ = {
			isa = PBXTargetDependency;
			target = 1493B14B2B498B6C00D219C7 /* Landmarks */;
			targetProxy = 1493B1672B498B6D00D219C7 /* PBXContainerItemProxy */;
		};
/* End PBXTargetDependency section */

/* Begin XCBuildConfiguration section */
		1493B16E2B498B6D00D219C7 /* Debug */ = {
			isa = XCBuildConfiguration;
			buildSettings = {
				ALWAYS_SEARCH_USER_PATHS = NO;
				ASSETCATALOG_COMPILER_GENERATE_SWIFT_ASSET_SYMBOL_EXTENSIONS = YES;
				CLANG_ANALYZER_NONNULL = YES;
				CLANG_ANALYZER_NUMBER_OBJECT_CONVERSION = YES_AGGRESSIVE;
				CLANG_CXX_LANGUAGE_STANDARD = "gnu++20";
				CLANG_ENABLE_MODULES = YES;
				CLANG_ENABLE_OBJC_ARC = YES;
				CLANG_ENABLE_OBJC_WEAK = YES;
				CLANG_WARN_BLOCK_CAPTURE_AUTORELEASING = YES;
				CLANG_WARN_BOOL_CONVERSION = YES;
				CLANG_WARN_COMMA = YES;
				CLANG_WARN_CONSTANT_CONVERSION = YES;
				CLANG_WARN_DEPRECATED_OBJC_IMPLEMENTATIONS = YES;
				CLANG_WARN_DIRECT_OBJC_ISA_USAGE = YES_ERROR;
				CLANG_WARN_DOCUMENTATION_COMMENTS = YES;
				CLANG_WARN_EMPTY_BODY = YES;
				CLANG_WARN_ENUM_CONVERSION = YES;
				CLANG_WARN_INFINITE_RECURSION = YES;
				CLANG_WARN_INT_CONVERSION = YES;
				CLANG_WARN_NON_LITERAL_NULL_CONVERSION = YES;
				CLANG_WARN_OBJC_IMPLICIT_RETAIN_SELF = YES;
				CLANG_WARN_OBJC_LITERAL_CONVERSION = YES;
				CLANG_WARN_OBJC_ROOT_CLASS = YES_ERROR;
				CLANG_WARN_QUOTED_INCLUDE_IN_FRAMEWORK_HEADER = YES;
				CLANG_WARN_RANGE_LOOP_ANALYSIS = YES;
				CLANG_WARN_STRICT_PROTOTYPES = YES;
				CLANG_WARN_SUSPICIOUS_MOVE = YES;
				CLANG_WARN_UNGUARDED_AVAILABILITY = YES_AGGRESSIVE;
				CLANG_WARN_UNREACHABLE_CODE = YES;
				CLANG_WARN__DUPLICATE_METHOD_MATCH = YES;
				COPY_PHASE_STRIP = NO;
				DEBUG_INFORMATION_FORMAT = dwarf;
				ENABLE_STRICT_OBJC_MSGSEND = YES;
				ENABLE_TESTABILITY = YES;
				ENABLE_USER_SCRIPT_SANDBOXING = YES;
				GCC_C_LANGUAGE_STANDARD = gnu17;
				GCC_DYNAMIC_NO_PIC = NO;
				GCC_NO_COMMON_BLOCKS = YES;
				GCC_OPTIMIZATION_LEVEL = 0;
				GCC_PREPROCESSOR_DEFINITIONS = (
					"DEBUG=1",
					"$(inherited)",
				);
				GCC_WARN_64_TO_32_BIT_CONVERSION = YES;
				GCC_WARN_ABOUT_RETURN_TYPE = YES_ERROR;
				GCC_WARN_UNDECLARED_SELECTOR = YES;
				GCC_WARN_UNINITIALIZED_AUTOS = YES_AGGRESSIVE;
				GCC_WARN_UNUSED_FUNCTION = YES;
				GCC_WARN_UNUSED_VARIABLE = YES;
				IPHONEOS_DEPLOYMENT_TARGET = 17.2;
				LOCALIZATION_PREFERS_STRING_CATALOGS = YES;
				MTL_ENABLE_DEBUG_INFO = INCLUDE_SOURCE;
				MTL_FAST_MATH = YES;
				ONLY_ACTIVE_ARCH = YES;
				SDKROOT = iphoneos;
				SWIFT_ACTIVE_COMPILATION_CONDITIONS = "DEBUG $(inherited)";
				SWIFT_OPTIMIZATION_LEVEL = "-Onone";
			};
			name = Debug;
		};
		1493B16F2B498B6D00D219C7 /* Release */ = {
			isa = XCBuildConfiguration;
			buildSettings = {
				ALWAYS_SEARCH_USER_PATHS = NO;
				ASSETCATALOG_COMPILER_GENERATE_SWIFT_ASSET_SYMBOL_EXTENSIONS = YES;
				CLANG_ANALYZER_NONNULL = YES;
				CLANG_ANALYZER_NUMBER_OBJECT_CONVERSION = YES_AGGRESSIVE;
				CLANG_CXX_LANGUAGE_STANDARD = "gnu++20";
				CLANG_ENABLE_MODULES = YES;
				CLANG_ENABLE_OBJC_ARC = YES;
				CLANG_ENABLE_OBJC_WEAK = YES;
				CLANG_WARN_BLOCK_CAPTURE_AUTORELEASING = YES;
				CLANG_WARN_BOOL_CONVERSION = YES;
				CLANG_WARN_COMMA = YES;
				CLANG_WARN_CONSTANT_CONVERSION = YES;
				CLANG_WARN_DEPRECATED_OBJC_IMPLEMENTATIONS = YES;
				CLANG_WARN_DIRECT_OBJC_ISA_USAGE = YES_ERROR;
				CLANG_WARN_DOCUMENTATION_COMMENTS = YES;
				CLANG_WARN_EMPTY_BODY = YES;
				CLANG_WARN_ENUM_CONVERSION = YES;
				CLANG_WARN_INFINITE_RECURSION = YES;
				CLANG_WARN_INT_CONVERSION = YES;
				CLANG_WARN_NON_LITERAL_NULL_CONVERSION = YES;
				CLANG_WARN_OBJC_IMPLICIT_RETAIN_SELF = YES;
				CLANG_WARN_OBJC_LITERAL_CONVERSION = YES;
				CLANG_WARN_OBJC_ROOT_CLASS = YES_ERROR;
				CLANG_WARN_QUOTED_INCLUDE_IN_FRAMEWORK_HEADER = YES;
				CLANG_WARN_RANGE_LOOP_ANALYSIS = YES;
				CLANG_WARN_STRICT_PROTOTYPES = YES;
				CLANG_WARN_SUSPICIOUS_MOVE = YES;
				CLANG_WARN_UNGUARDED_AVAILABILITY = YES_AGGRESSIVE;
				CLANG_WARN_UNREACHABLE_CODE = YES;
				CLANG_WARN__DUPLICATE_METHOD_MATCH = YES;
				COPY_PHASE_STRIP = NO;
				DEBUG_INFORMATION_FORMAT = "dwarf-with-dsym";
				ENABLE_NS_ASSERTIONS = NO;
				ENABLE_STRICT_OBJC_MSGSEND = YES;
				ENABLE_USER_SCRIPT_SANDBOXING = YES;
				GCC_C_LANGUAGE_STANDARD = gnu17;
				GCC_NO_COMMON_BLOCKS = YES;
				GCC_WARN_64_TO_32_BIT_CONVERSION = YES;
				GCC_WARN_ABOUT_RETURN_TYPE = YES_ERROR;
				GCC_WARN_UNDECLARED_SELECTOR = YES;
				GCC_WARN_UNINITIALIZED_AUTOS = YES_AGGRESSIVE;
				GCC_WARN_UNUSED_FUNCTION = YES;
				GCC_WARN_UNUSED_VARIABLE = YES;
				IPHONEOS_DEPLOYMENT_TARGET = 17.2;
				LOCALIZATION_PREFERS_STRING_CATALOGS = YES;
				MTL_ENABLE_DEBUG_INFO = NO;
				MTL_FAST_MATH = YES;
				SDKROOT = iphoneos;
				SWIFT_COMPILATION_MODE = wholemodule;
				VALIDATE_PRODUCT = YES;
			};
			name = Release;
		};
		1493B1712B498B6D00D219C7 /* Debug */ = {
			isa = XCBuildConfiguration;
			buildSettings = {
				ASSETCATALOG_COMPILER_APPICON_NAME = AppIcon;
				ASSETCATALOG_COMPILER_GLOBAL_ACCENT_COLOR_NAME = AccentColor;
				CODE_SIGN_STYLE = Automatic;
				CURRENT_PROJECT_VERSION = 1;
				DEVELOPMENT_ASSET_PATHS = "\"Landmarks/Preview Content\"";
				DEVELOPMENT_TEAM = YF2W5ZH9J4;
				ENABLE_PREVIEWS = YES;
				GENERATE_INFOPLIST_FILE = YES;
				INFOPLIST_KEY_UIApplicationSceneManifest_Generation = YES;
				INFOPLIST_KEY_UIApplicationSupportsIndirectInputEvents = YES;
				INFOPLIST_KEY_UILaunchScreen_Generation = YES;
				INFOPLIST_KEY_UISupportedInterfaceOrientations_iPad = "UIInterfaceOrientationPortrait UIInterfaceOrientationPortraitUpsideDown UIInterfaceOrientationLandscapeLeft UIInterfaceOrientationLandscapeRight";
				INFOPLIST_KEY_UISupportedInterfaceOrientations_iPhone = "UIInterfaceOrientationPortrait UIInterfaceOrientationLandscapeLeft UIInterfaceOrientationLandscapeRight";
				LD_RUNPATH_SEARCH_PATHS = (
					"$(inherited)",
					"@executable_path/Frameworks",
				);
				MARKETING_VERSION = 1.0;
				PRODUCT_BUNDLE_IDENTIFIER = come.rivertwilight.Landmarks;
				PRODUCT_NAME = "$(TARGET_NAME)";
				SWIFT_EMIT_LOC_STRINGS = YES;
				SWIFT_VERSION = 5.0;
				TARGETED_DEVICE_FAMILY = "1,2";
			};
			name = Debug;
		};
		1493B1722B498B6D00D219C7 /* Release */ = {
			isa = XCBuildConfiguration;
			buildSettings = {
				ASSETCATALOG_COMPILER_APPICON_NAME = AppIcon;
				ASSETCATALOG_COMPILER_GLOBAL_ACCENT_COLOR_NAME = AccentColor;
				CODE_SIGN_STYLE = Automatic;
				CURRENT_PROJECT_VERSION = 1;
				DEVELOPMENT_ASSET_PATHS = "\"Landmarks/Preview Content\"";
				DEVELOPMENT_TEAM = YF2W5ZH9J4;
				ENABLE_PREVIEWS = YES;
				GENERATE_INFOPLIST_FILE = YES;
				INFOPLIST_KEY_UIApplicationSceneManifest_Generation = YES;
				INFOPLIST_KEY_UIApplicationSupportsIndirectInputEvents = YES;
				INFOPLIST_KEY_UILaunchScreen_Generation = YES;
				INFOPLIST_KEY_UISupportedInterfaceOrientations_iPad = "UIInterfaceOrientationPortrait UIInterfaceOrientationPortraitUpsideDown UIInterfaceOrientationLandscapeLeft UIInterfaceOrientationLandscapeRight";
				INFOPLIST_KEY_UISupportedInterfaceOrientations_iPhone = "UIInterfaceOrientationPortrait UIInterfaceOrientationLandscapeLeft UIInterfaceOrientationLandscapeRight";
				LD_RUNPATH_SEARCH_PATHS = (
					"$(inherited)",
					"@executable_path/Frameworks",
				);
				MARKETING_VERSION = 1.0;
				PRODUCT_BUNDLE_IDENTIFIER = come.rivertwilight.Landmarks;
				PRODUCT_NAME = "$(TARGET_NAME)";
				SWIFT_EMIT_LOC_STRINGS = YES;
				SWIFT_VERSION = 5.0;
				TARGETED_DEVICE_FAMILY = "1,2";
			};
			name = Release;
		};
		1493B1742B498B6D00D219C7 /* Debug */ = {
			isa = XCBuildConfiguration;
			buildSettings = {
				ALWAYS_EMBED_SWIFT_STANDARD_LIBRARIES = YES;
				BUNDLE_LOADER = "$(TEST_HOST)";
				CODE_SIGN_STYLE = Automatic;
				CURRENT_PROJECT_VERSION = 1;
				DEVELOPMENT_TEAM = YF2W5ZH9J4;
				GENERATE_INFOPLIST_FILE = YES;
				IPHONEOS_DEPLOYMENT_TARGET = 17.2;
				MARKETING_VERSION = 1.0;
				PRODUCT_BUNDLE_IDENTIFIER = come.rivertwilight.LandmarksTests;
				PRODUCT_NAME = "$(TARGET_NAME)";
				SWIFT_EMIT_LOC_STRINGS = NO;
				SWIFT_VERSION = 5.0;
				TARGETED_DEVICE_FAMILY = "1,2";
				TEST_HOST = "$(BUILT_PRODUCTS_DIR)/Landmarks.app/$(BUNDLE_EXECUTABLE_FOLDER_PATH)/Landmarks";
			};
			name = Debug;
		};
		1493B1752B498B6D00D219C7 /* Release */ = {
			isa = XCBuildConfiguration;
			buildSettings = {
				ALWAYS_EMBED_SWIFT_STANDARD_LIBRARIES = YES;
				BUNDLE_LOADER = "$(TEST_HOST)";
				CODE_SIGN_STYLE = Automatic;
				CURRENT_PROJECT_VERSION = 1;
				DEVELOPMENT_TEAM = YF2W5ZH9J4;
				GENERATE_INFOPLIST_FILE = YES;
				IPHONEOS_DEPLOYMENT_TARGET = 17.2;
				MARKETING_VERSION = 1.0;
				PRODUCT_BUNDLE_IDENTIFIER = come.rivertwilight.LandmarksTests;
				PRODUCT_NAME = "$(TARGET_NAME)";
				SWIFT_EMIT_LOC_STRINGS = NO;
				SWIFT_VERSION = 5.0;
				TARGETED_DEVICE_FAMILY = "1,2";
				TEST_HOST = "$(BUILT_PRODUCTS_DIR)/Landmarks.app/$(BUNDLE_EXECUTABLE_FOLDER_PATH)/Landmarks";
			};
			name = Release;
		};
		1493B1772B498B6D00D219C7 /* Debug */ = {
			isa = XCBuildConfiguration;
			buildSettings = {
				ALWAYS_EMBED_SWIFT_STANDARD_LIBRARIES = YES;
				CODE_SIGN_STYLE = Automatic;
				CURRENT_PROJECT_VERSION = 1;
				DEVELOPMENT_TEAM = YF2W5ZH9J4;
				GENERATE_INFOPLIST_FILE = YES;
				MARKETING_VERSION = 1.0;
				PRODUCT_BUNDLE_IDENTIFIER = come.rivertwilight.LandmarksUITests;
				PRODUCT_NAME = "$(TARGET_NAME)";
				SWIFT_EMIT_LOC_STRINGS = NO;
				SWIFT_VERSION = 5.0;
				TARGETED_DEVICE_FAMILY = "1,2";
				TEST_TARGET_NAME = Landmarks;
			};
			name = Debug;
		};
		1493B1782B498B6D00D219C7 /* Release */ = {
			isa = XCBuildConfiguration;
			buildSettings = {
				ALWAYS_EMBED_SWIFT_STANDARD_LIBRARIES = YES;
				CODE_SIGN_STYLE = Automatic;
				CURRENT_PROJECT_VERSION = 1;
				DEVELOPMENT_TEAM = YF2W5ZH9J4;
				GENERATE_INFOPLIST_FILE = YES;
				MARKETING_VERSION = 1.0;
				PRODUCT_BUNDLE_IDENTIFIER = come.rivertwilight.LandmarksUITests;
				PRODUCT_NAME = "$(TARGET_NAME)";
				SWIFT_EMIT_LOC_STRINGS = NO;
				SWIFT_VERSION = 5.0;
				TARGETED_DEVICE_FAMILY = "1,2";
				TEST_TARGET_NAME = Landmarks;
			};
			name = Release;
		};
/* End XCBuildConfiguration section */

/* Begin XCConfigurationList section */
		1493B1472B498B6C00D219C7 /* Build configuration list for PBXProject "Landmarks" */ = {
			isa = XCConfigurationList;
			buildConfigurations = (
				1493B16E2B498B6D00D219C7 /* Debug */,
				1493B16F2B498B6D00D219C7 /* Release */,
			);
			defaultConfigurationIsVisible = 0;
			defaultConfigurationName = Release;
		};
		1493B1702B498B6D00D219C7 /* Build configuration list for PBXNativeTarget "Landmarks" */ = {
			isa = XCConfigurationList;
			buildConfigurations = (
				1493B1712B498B6D00D219C7 /* Debug */,
				1493B1722B498B6D00D219C7 /* Release */,
			);
			defaultConfigurationIsVisible = 0;
			defaultConfigurationName = Release;
		};
		1493B1732B498B6D00D219C7 /* Build configuration list for PBXNativeTarget "LandmarksTests" */ = {
			isa = XCConfigurationList;
			buildConfigurations = (
				1493B1742B498B6D00D219C7 /* Debug */,
				1493B1752B498B6D00D219C7 /* Release */,
			);
			defaultConfigurationIsVisible = 0;
			defaultConfigurationName = Release;
		};
		1493B1762B498B6D00D219C7 /* Build configuration list for PBXNativeTarget "LandmarksUITests" */ = {
			isa = XCConfigurationList;
			buildConfigurations = (
				1493B1772B498B6D00D219C7 /* Debug */,
				1493B1782B498B6D00D219C7 /* Release */,
			);
			defaultConfigurationIsVisible = 0;
			defaultConfigurationName = Release;
		};
/* End XCConfigurationList section */
	};
	rootObject = 1493B1442B498B6C00D219C7 /* Project object */;
}
